{
  "requires": true,
  "lockfileVersion": 1,
  "dependencies": {
    "sal.js": {
      "version": "0.8.2",
      "resolved": "https://registry.npmjs.org/sal.js/-/sal.js-0.8.2.tgz",
      "integrity": "sha512-nV3F+wSZaR4Lv3Ae3JKMj1NSEg11407MCdnxsBmd8e7vEyFIkjBtQinJDS65fBuolww/e0tmRP3nzuDwHRAh8g=="
    }
  }
}
